
Microsoft Visual Studio Solution File, Format Version 12.00
# Visual Studio 15
VisualStudioVersion = 15.0.28307.168
MinimumVisualStudioVersion = 10.0.40219.1
Project("{FAE04EC0-301F-11D3-BF4B-00C04F79EFBC}") = "triangulo.Android", "triangulo\triangulo.Android\triangulo.Android.csproj", "{6F5B7F60-FEE8-4601-A1EB-0048A8D0E209}"
EndProject
Project("{FAE04EC0-301F-11D3-BF4B-00C04F79EFBC}") = "triangulo.iOS", "triangulo\triangulo.iOS\triangulo.iOS.csproj", "{1157B7B7-764A-4ABC-9AC9-C24C0BBC8FD9}"
EndProject
Project("{FAE04EC0-301F-11D3-BF4B-00C04F79EFBC}") = "triangulo", "triangulo\triangulo\triangulo.csproj", "{D8B0B8F7-FF3A-4610-9B1A-6E451188D5A2}"
EndProject
Global
	GlobalSection(SolutionConfigurationPlatforms) = preSolution
		Ad-Hoc|Any CPU = Ad-Hoc|Any CPU
		Ad-Hoc|iPhone = Ad-Hoc|iPhone
		Ad-Hoc|iPhoneSimulator = Ad-Hoc|iPhoneSimulator
		AppStore|Any CPU = AppStore|Any CPU
		AppStore|iPhone = AppStore|iPhone
		AppStore|iPhoneSimulator = AppStore|iPhoneSimulator
		Debug|Any CPU = Debug|Any CPU
		Debug|iPhone = Debug|iPhone
		Debug|iPhoneSimulator = Debug|iPhoneSimulator
		Release|Any CPU = Release|Any CPU
		Release|iPhone = Release|iPhone
		Release|iPhoneSimulator = Release|iPhoneSimulator
	EndGlobalSection
	GlobalSection(ProjectConfigurationPlatforms) = postSolution
		{6F5B7F60-FEE8-4601-A1EB-0048A8D0E209}.Ad-Hoc|Any CPU.ActiveCfg = Release|Any CPU
		{6F5B7F60-FEE8-4601-A1EB-0048A8D0E209}.Ad-Hoc|Any CPU.Build.0 = Release|Any CPU
		{6F5B7F60-FEE8-4601-A1EB-0048A8D0E209}.Ad-Hoc|Any CPU.Deploy.0 = Release|Any CPU
		{6F5B7F60-FEE8-4601-A1EB-0048A8D0E209}.Ad-Hoc|iPhone.ActiveCfg = Release|Any CPU
		{6F5B7F60-FEE8-4601-A1EB-0048A8D0E209}.Ad-Hoc|iPhone.Build.0 = Release|Any CPU
		{6F5B7F60-FEE8-4601-A1EB-0048A8D0E209}.Ad-Hoc|iPhone.Deploy.0 = Release|Any CPU
		{6F5B7F60-FEE8-4601-A1EB-0048A8D0E209}.Ad-Hoc|iPhoneSimulator.ActiveCfg = Release|Any CPU
		{6F5B7F60-FEE8-4601-A1EB-0048A8D0E209}.Ad-Hoc|iPhoneSimulator.Build.0 = Release|Any CPU
		{6F5B7F60-FEE8-4601-A1EB-0048A8D0E209}.Ad-Hoc|iPhoneSimulator.Deploy.0 = Release|Any CPU
		{6F5B7F60-FEE8-4601-A1EB-0048A8D0E209}.AppStore|Any CPU.ActiveCfg = Release|Any CPU
		{6F5B7F60-FEE8-4601-A1EB-0048A8D0E209}.AppStore|Any CPU.Build.0 = Release|Any CPU
		{6F5B7F60-FEE8-4601-A1EB-0048A8D0E209}.AppStore|Any CPU.Deploy.0 = Release|Any CPU
		{6F5B7F60-FEE8-4601-A1EB-0048A8D0E209}.AppStore|iPhone.ActiveCfg = Release|Any CPU
		{6F5B7F60-FEE8-4601-A1EB-0048A8D0E209}.AppStore|iPhone.Build.0 = Release|Any CPU
		{6F5B7F60-FEE8-4601-A1EB-0048A8D0E209}.AppStore|iPhone.Deploy.0 = Release|Any CPU
		{6F5B7F60-FEE8-4601-A1EB-0048A8D0E209}.AppStore|iPhoneSimulator.ActiveCfg = Release|Any CPU
		{6F5B7F60-FEE8-4601-A1EB-0048A8D0E209}.AppStore|iPhoneSimulator.Build.0 = Release|Any CPU
		{6F5B7F60-FEE8-4601-A1EB-0048A8D0E209}.AppStore|iPhoneSimulator.Deploy.0 = Release|Any CPU
		{6F5B7F60-FEE8-4601-A1EB-0048A8D0E209}.Debug|Any CPU.ActiveCfg = Debug|Any CPU
		{6F5B7F60-FEE8-4601-A1EB-0048A8D0E209}.Debug|Any CPU.Build.0 = Debug|Any CPU
		{6F5B7F60-FEE8-4601-A1EB-0048A8D0E209}.Debug|Any CPU.Deploy.0 = Debug|Any CPU
		{6F5B7F60-FEE8-4601-A1EB-0048A8D0E209}.Debug|iPhone.ActiveCfg = Debug|Any CPU
		{6F5B7F60-FEE8-4601-A1EB-0048A8D0E209}.Debug|iPhone.Build.0 = Debug|Any CPU
		{6F5B7F60-FEE8-4601-A1EB-0048A8D0E209}.Debug|iPhone.Deploy.0 = Debug|Any CPU
		{6F5B7F60-FEE8-4601-A1EB-0048A8D0E209}.Debug|iPhoneSimulator.ActiveCfg = Debug|Any CPU
		{6F5B7F60-FEE8-4601-A1EB-0048A8D0E209}.Debug|iPhoneSimulator.Build.0 = Debug|Any CPU
		{6F5B7F60-FEE8-4601-A1EB-0048A8D0E209}.Debug|iPhoneSimulator.Deploy.0 = Debug|Any CPU
		{6F5B7F60-FEE8-4601-A1EB-0048A8D0E209}.Release|Any CPU.ActiveCfg = Release|Any CPU
		{6F5B7F60-FEE8-4601-A1EB-0048A8D0E209}.Release|Any CPU.Build.0 = Release|Any CPU
		{6F5B7F60-FEE8-4601-A1EB-0048A8D0E209}.Release|Any CPU.Deploy.0 = Release|Any CPU
		{6F5B7F60-FEE8-4601-A1EB-0048A8D0E209}.Release|iPhone.ActiveCfg = Release|Any CPU
		{6F5B7F60-FEE8-4601-A1EB-0048A8D0E209}.Release|iPhone.Build.0 = Release|Any CPU
		{6F5B7F60-FEE8-4601-A1EB-0048A8D0E209}.Release|iPhone.Deploy.0 = Release|Any CPU
		{6F5B7F60-FEE8-4601-A1EB-0048A8D0E209}.Release|iPhoneSimulator.ActiveCfg = Release|Any CPU
		{6F5B7F60-FEE8-4601-A1EB-0048A8D0E209}.Release|iPhoneSimulator.Build.0 = Release|Any CPU
		{6F5B7F60-FEE8-4601-A1EB-0048A8D0E209}.Release|iPhoneSimulator.Deploy.0 = Release|Any CPU
		{1157B7B7-764A-4ABC-9AC9-C24C0BBC8FD9}.Ad-Hoc|Any CPU.ActiveCfg = Ad-Hoc|iPhone
		{1157B7B7-764A-4ABC-9AC9-C24C0BBC8FD9}.Ad-Hoc|Any CPU.Build.0 = Ad-Hoc|iPhone
		{1157B7B7-764A-4ABC-9AC9-C24C0BBC8FD9}.Ad-Hoc|Any CPU.Deploy.0 = Ad-Hoc|iPhone
		{1157B7B7-764A-4ABC-9AC9-C24C0BBC8FD9}.Ad-Hoc|iPhone.ActiveCfg = Ad-Hoc|iPhone
		{1157B7B7-764A-4ABC-9AC9-C24C0BBC8FD9}.Ad-Hoc|iPhone.Build.0 = Ad-Hoc|iPhone
		{1157B7B7-764A-4ABC-9AC9-C24C0BBC8FD9}.Ad-Hoc|iPhone.Deploy.0 = Ad-Hoc|iPhone
		{1157B7B7-764A-4ABC-9AC9-C24C0BBC8FD9}.Ad-Hoc|iPhoneSimulator.ActiveCfg = Ad-Hoc|iPhoneSimulator
		{1157B7B7-764A-4ABC-9AC9-C24C0BBC8FD9}.Ad-Hoc|iPhoneSimulator.Build.0 = Ad-Hoc|iPhoneSimulator
		{1157B7B7-764A-4ABC-9AC9-C24C0BBC8FD9}.Ad-Hoc|iPhoneSimulator.Deploy.0 = Ad-Hoc|iPhoneSimulator
		{1157B7B7-764A-4ABC-9AC9-C24C0BBC8FD9}.AppStore|Any CPU.ActiveCfg = AppStore|iPhone
		{1157B7B7-764A-4ABC-9AC9-C24C0BBC8FD9}.AppStore|Any CPU.Build.0 = AppStore|iPhone
		{1157B7B7-764A-4ABC-9AC9-C24C0BBC8FD9}.AppStore|Any CPU.Deploy.0 = AppStore|iPhone
		{1157B7B7-764A-4ABC-9AC9-C24C0BBC8FD9}.AppStore|iPhone.ActiveCfg = AppStore|iPhone
		{1157B7B7-764A-4ABC-9AC9-C24C0BBC8FD9}.AppStore|iPhone.Build.0 = AppStore|iPhone
		{1157B7B7-764A-4ABC-9AC9-C24C0BBC8FD9}.AppStore|iPhone.Deploy.0 = AppStore|iPhone
		{1157B7B7-764A-4ABC-9AC9-C24C0BBC8FD9}.AppStore|iPhoneSimulator.ActiveCfg = AppStore|iPhoneSimulator
		{1157B7B7-764A-4ABC-9AC9-C24C0BBC8FD9}.AppStore|iPhoneSimulator.Build.0 = AppStore|iPhoneSimulator
		{1157B7B7-764A-4ABC-9AC9-C24C0BBC8FD9}.AppStore|iPhoneSimulator.Deploy.0 = AppStore|iPhoneSimulator
		{1157B7B7-764A-4ABC-9AC9-C24C0BBC8FD9}.Debug|Any CPU.ActiveCfg = Debug|iPhoneSimulator
		{1157B7B7-764A-4ABC-9AC9-C24C0BBC8FD9}.Debug|Any CPU.Build.0 = Debug|iPhoneSimulator
		{1157B7B7-764A-4ABC-9AC9-C24C0BBC8FD9}.Debug|Any CPU.Deploy.0 = Debug|iPhoneSimulator
		{1157B7B7-764A-4ABC-9AC9-C24C0BBC8FD9}.Debug|iPhone.ActiveCfg = Debug|iPhone
		{1157B7B7-764A-4ABC-9AC9-C24C0BBC8FD9}.Debug|iPhone.Build.0 = Debug|iPhone
		{1157B7B7-764A-4ABC-9AC9-C24C0BBC8FD9}.Debug|iPhone.Deploy.0 = Debug|iPhone
		{1157B7B7-764A-4ABC-9AC9-C24C0BBC8FD9}.Debug|iPhoneSimulator.ActiveCfg = Debug|iPhoneSimulator
		{1157B7B7-764A-4ABC-9AC9-C24C0BBC8FD9}.Debug|iPhoneSimulator.Build.0 = Debug|iPhoneSimulator
		{1157B7B7-764A-4ABC-9AC9-C24C0BBC8FD9}.Debug|iPhoneSimulator.Deploy.0 = Debug|iPhoneSimulator
		{1157B7B7-764A-4ABC-9AC9-C24C0BBC8FD9}.Release|Any CPU.ActiveCfg = Release|iPhone
		{1157B7B7-764A-4ABC-9AC9-C24C0BBC8FD9}.Release|Any CPU.Build.0 = Release|iPhone
		{1157B7B7-764A-4ABC-9AC9-C24C0BBC8FD9}.Release|Any CPU.Deploy.0 = Release|iPhone
		{1157B7B7-764A-4ABC-9AC9-C24C0BBC8FD9}.Release|iPhone.ActiveCfg = Release|iPhone
		{1157B7B7-764A-4ABC-9AC9-C24C0BBC8FD9}.Release|iPhone.Build.0 = Release|iPhone
		{1157B7B7-764A-4ABC-9AC9-C24C0BBC8FD9}.Release|iPhone.Deploy.0 = Release|iPhone
		{1157B7B7-764A-4ABC-9AC9-C24C0BBC8FD9}.Release|iPhoneSimulator.ActiveCfg = Release|iPhoneSimulator
		{1157B7B7-764A-4ABC-9AC9-C24C0BBC8FD9}.Release|iPhoneSimulator.Build.0 = Release|iPhoneSimulator
		{1157B7B7-764A-4ABC-9AC9-C24C0BBC8FD9}.Release|iPhoneSimulator.Deploy.0 = Release|iPhoneSimulator
		{D8B0B8F7-FF3A-4610-9B1A-6E451188D5A2}.Ad-Hoc|Any CPU.ActiveCfg = Debug|Any CPU
		{D8B0B8F7-FF3A-4610-9B1A-6E451188D5A2}.Ad-Hoc|Any CPU.Build.0 = Debug|Any CPU
		{D8B0B8F7-FF3A-4610-9B1A-6E451188D5A2}.Ad-Hoc|Any CPU.Deploy.0 = Debug|Any CPU
		{D8B0B8F7-FF3A-4610-9B1A-6E451188D5A2}.Ad-Hoc|iPhone.ActiveCfg = Debug|Any CPU
		{D8B0B8F7-FF3A-4610-9B1A-6E451188D5A2}.Ad-Hoc|iPhone.Build.0 = Debug|Any CPU
		{D8B0B8F7-FF3A-4610-9B1A-6E451188D5A2}.Ad-Hoc|iPhone.Deploy.0 = Debug|Any CPU
		{D8B0B8F7-FF3A-4610-9B1A-6E451188D5A2}.Ad-Hoc|iPhoneSimulator.ActiveCfg = Debug|Any CPU
		{D8B0B8F7-FF3A-4610-9B1A-6E451188D5A2}.Ad-Hoc|iPhoneSimulator.Build.0 = Debug|Any CPU
		{D8B0B8F7-FF3A-4610-9B1A-6E451188D5A2}.Ad-Hoc|iPhoneSimulator.Deploy.0 = Debug|Any CPU
		{D8B0B8F7-FF3A-4610-9B1A-6E451188D5A2}.AppStore|Any CPU.ActiveCfg = Debug|Any CPU
		{D8B0B8F7-FF3A-4610-9B1A-6E451188D5A2}.AppStore|Any CPU.Build.0 = Debug|Any CPU
		{D8B0B8F7-FF3A-4610-9B1A-6E451188D5A2}.AppStore|Any CPU.Deploy.0 = Debug|Any CPU
		{D8B0B8F7-FF3A-4610-9B1A-6E451188D5A2}.AppStore|iPhone.ActiveCfg = Debug|Any CPU
		{D8B0B8F7-FF3A-4610-9B1A-6E451188D5A2}.AppStore|iPhone.Build.0 = Debug|Any CPU
		{D8B0B8F7-FF3A-4610-9B1A-6E451188D5A2}.AppStore|iPhone.Deploy.0 = Debug|Any CPU
		{D8B0B8F7-FF3A-4610-9B1A-6E451188D5A2}.AppStore|iPhoneSimulator.ActiveCfg = Debug|Any CPU
		{D8B0B8F7-FF3A-4610-9B1A-6E451188D5A2}.AppStore|iPhoneSimulator.Build.0 = Debug|Any CPU
		{D8B0B8F7-FF3A-4610-9B1A-6E451188D5A2}.AppStore|iPhoneSimulator.Deploy.0 = Debug|Any CPU
		{D8B0B8F7-FF3A-4610-9B1A-6E451188D5A2}.Debug|Any CPU.ActiveCfg = Debug|Any CPU
		{D8B0B8F7-FF3A-4610-9B1A-6E451188D5A2}.Debug|Any CPU.Build.0 = Debug|Any CPU
		{D8B0B8F7-FF3A-4610-9B1A-6E451188D5A2}.Debug|Any CPU.Deploy.0 = Debug|Any CPU
		{D8B0B8F7-FF3A-4610-9B1A-6E451188D5A2}.Debug|iPhone.ActiveCfg = Debug|Any CPU
		{D8B0B8F7-FF3A-4610-9B1A-6E451188D5A2}.Debug|iPhone.Build.0 = Debug|Any CPU
		{D8B0B8F7-FF3A-4610-9B1A-6E451188D5A2}.Debug|iPhone.Deploy.0 = Debug|Any CPU
		{D8B0B8F7-FF3A-4610-9B1A-6E451188D5A2}.Debug|iPhoneSimulator.ActiveCfg = Debug|Any CPU
		{D8B0B8F7-FF3A-4610-9B1A-6E451188D5A2}.Debug|iPhoneSimulator.Build.0 = Debug|Any CPU
		{D8B0B8F7-FF3A-4610-9B1A-6E451188D5A2}.Debug|iPhoneSimulator.Deploy.0 = Debug|Any CPU
		{D8B0B8F7-FF3A-4610-9B1A-6E451188D5A2}.Release|Any CPU.ActiveCfg = Release|Any CPU
		{D8B0B8F7-FF3A-4610-9B1A-6E451188D5A2}.Release|Any CPU.Build.0 = Release|Any CPU
		{D8B0B8F7-FF3A-4610-9B1A-6E451188D5A2}.Release|Any CPU.Deploy.0 = Release|Any CPU
		{D8B0B8F7-FF3A-4610-9B1A-6E451188D5A2}.Release|iPhone.ActiveCfg = Release|Any CPU
		{D8B0B8F7-FF3A-4610-9B1A-6E451188D5A2}.Release|iPhone.Build.0 = Release|Any CPU
		{D8B0B8F7-FF3A-4610-9B1A-6E451188D5A2}.Release|iPhone.Deploy.0 = Release|Any CPU
		{D8B0B8F7-FF3A-4610-9B1A-6E451188D5A2}.Release|iPhoneSimulator.ActiveCfg = Release|Any CPU
		{D8B0B8F7-FF3A-4610-9B1A-6E451188D5A2}.Release|iPhoneSimulator.Build.0 = Release|Any CPU
		{D8B0B8F7-FF3A-4610-9B1A-6E451188D5A2}.Release|iPhoneSimulator.Deploy.0 = Release|Any CPU
	EndGlobalSection
	GlobalSection(SolutionProperties) = preSolution
		HideSolutionNode = FALSE
	EndGlobalSection
	GlobalSection(ExtensibilityGlobals) = postSolution
		SolutionGuid = {BAE5407F-6C88-4073-8F50-EC4C77043782}
	EndGlobalSection
EndGlobal
